
Microsoft Visual Studio Solution File, Format Version 12.00
# Visual Studio 15
Project("{FAE04EC0-301F-11D3-BF4B-00C04F79EFBC}") = "AppCenter.Android", "AppCenter.Android\AppCenter.Android.csproj", "{6F1EA44C-7F17-4DD2-8E4B-DD47DDE9EAE1}"
EndProject
Project("{FAE04EC0-301F-11D3-BF4B-00C04F79EFBC}") = "AppCenter.iOS", "AppCenter.iOS\AppCenter.iOS.csproj", "{A58AECD6-6939-4A1B-977B-2B0DFA5D0372}"
EndProject
Project("{FAE04EC0-301F-11D3-BF4B-00C04F79EFBC}") = "AppCenter", "AppCenter\AppCenter.csproj", "{382B82E4-FAD5-4FF7-8A66-1789EB68B277}"
EndProject
Global
	GlobalSection(SolutionConfigurationPlatforms) = preSolution
		Debug|Any CPU = Debug|Any CPU
		Release|Any CPU = Release|Any CPU
		Debug|iPhoneSimulator = Debug|iPhoneSimulator
		Release|iPhoneSimulator = Release|iPhoneSimulator
		Debug|iPhone = Debug|iPhone
		Release|iPhone = Release|iPhone
	EndGlobalSection
	GlobalSection(ProjectConfigurationPlatforms) = postSolution
		{6F1EA44C-7F17-4DD2-8E4B-DD47DDE9EAE1}.Debug|Any CPU.ActiveCfg = Debug|Any CPU
		{6F1EA44C-7F17-4DD2-8E4B-DD47DDE9EAE1}.Debug|Any CPU.Build.0 = Debug|Any CPU
		{6F1EA44C-7F17-4DD2-8E4B-DD47DDE9EAE1}.Release|Any CPU.ActiveCfg = Release|Any CPU
		{6F1EA44C-7F17-4DD2-8E4B-DD47DDE9EAE1}.Release|Any CPU.Build.0 = Release|Any CPU
		{6F1EA44C-7F17-4DD2-8E4B-DD47DDE9EAE1}.Debug|iPhoneSimulator.ActiveCfg = Debug|Any CPU
		{6F1EA44C-7F17-4DD2-8E4B-DD47DDE9EAE1}.Debug|iPhoneSimulator.Build.0 = Debug|Any CPU
		{6F1EA44C-7F17-4DD2-8E4B-DD47DDE9EAE1}.Release|iPhoneSimulator.ActiveCfg = Release|Any CPU
		{6F1EA44C-7F17-4DD2-8E4B-DD47DDE9EAE1}.Release|iPhoneSimulator.Build.0 = Release|Any CPU
		{6F1EA44C-7F17-4DD2-8E4B-DD47DDE9EAE1}.Debug|iPhone.ActiveCfg = Debug|Any CPU
		{6F1EA44C-7F17-4DD2-8E4B-DD47DDE9EAE1}.Debug|iPhone.Build.0 = Debug|Any CPU
		{6F1EA44C-7F17-4DD2-8E4B-DD47DDE9EAE1}.Release|iPhone.ActiveCfg = Release|Any CPU
		{6F1EA44C-7F17-4DD2-8E4B-DD47DDE9EAE1}.Release|iPhone.Build.0 = Release|Any CPU
		{A58AECD6-6939-4A1B-977B-2B0DFA5D0372}.Debug|Any CPU.ActiveCfg = Debug|iPhoneSimulator
		{A58AECD6-6939-4A1B-977B-2B0DFA5D0372}.Debug|Any CPU.Build.0 = Debug|iPhoneSimulator
		{A58AECD6-6939-4A1B-977B-2B0DFA5D0372}.Release|Any CPU.ActiveCfg = Release|iPhoneSimulator
		{A58AECD6-6939-4A1B-977B-2B0DFA5D0372}.Release|Any CPU.Build.0 = Release|iPhoneSimulator
		{A58AECD6-6939-4A1B-977B-2B0DFA5D0372}.Debug|iPhoneSimulator.ActiveCfg = Debug|iPhoneSimulator
		{A58AECD6-6939-4A1B-977B-2B0DFA5D0372}.Debug|iPhoneSimulator.Build.0 = Debug|iPhoneSimulator
		{A58AECD6-6939-4A1B-977B-2B0DFA5D0372}.Release|iPhoneSimulator.ActiveCfg = Release|iPhoneSimulator
		{A58AECD6-6939-4A1B-977B-2B0DFA5D0372}.Release|iPhoneSimulator.Build.0 = Release|iPhoneSimulator
		{A58AECD6-6939-4A1B-977B-2B0DFA5D0372}.Debug|iPhone.ActiveCfg = Debug|iPhone
		{A58AECD6-6939-4A1B-977B-2B0DFA5D0372}.Debug|iPhone.Build.0 = Debug|iPhone
		{A58AECD6-6939-4A1B-977B-2B0DFA5D0372}.Release|iPhone.ActiveCfg = Release|iPhone
		{A58AECD6-6939-4A1B-977B-2B0DFA5D0372}.Release|iPhone.Build.0 = Release|iPhone
		{382B82E4-FAD5-4FF7-8A66-1789EB68B277}.Debug|Any CPU.ActiveCfg = Debug|Any CPU
		{382B82E4-FAD5-4FF7-8A66-1789EB68B277}.Debug|Any CPU.Build.0 = Debug|Any CPU
		{382B82E4-FAD5-4FF7-8A66-1789EB68B277}.Release|Any CPU.ActiveCfg = Release|Any CPU
		{382B82E4-FAD5-4FF7-8A66-1789EB68B277}.Release|Any CPU.Build.0 = Release|Any CPU
		{382B82E4-FAD5-4FF7-8A66-1789EB68B277}.Debug|iPhoneSimulator.ActiveCfg = Debug|Any CPU
		{382B82E4-FAD5-4FF7-8A66-1789EB68B277}.Debug|iPhoneSimulator.Build.0 = Debug|Any CPU
		{382B82E4-FAD5-4FF7-8A66-1789EB68B277}.Release|iPhoneSimulator.ActiveCfg = Release|Any CPU
		{382B82E4-FAD5-4FF7-8A66-1789EB68B277}.Release|iPhoneSimulator.Build.0 = Release|Any CPU
		{382B82E4-FAD5-4FF7-8A66-1789EB68B277}.Debug|iPhone.ActiveCfg = Debug|Any CPU
		{382B82E4-FAD5-4FF7-8A66-1789EB68B277}.Debug|iPhone.Build.0 = Debug|Any CPU
		{382B82E4-FAD5-4FF7-8A66-1789EB68B277}.Release|iPhone.ActiveCfg = Release|Any CPU
		{382B82E4-FAD5-4FF7-8A66-1789EB68B277}.Release|iPhone.Build.0 = Release|Any CPU
	EndGlobalSection
EndGlobal
